
Microsoft Visual Studio Solution File, Format Version 12.00
# Visual Studio Version 16
VisualStudioVersion = 16.0.29806.167
MinimumVisualStudioVersion = 10.0.40219.1
Project("{9A19103F-16F7-4668-BE54-9A1E7A4F7556}") = "AxisCapacity.Web", "AxisCapacity.Web\AxisCapacity.Web.csproj", "{1F77EEDF-9AB7-4276-B217-91EE84FDFDDE}"
EndProject
Project("{9A19103F-16F7-4668-BE54-9A1E7A4F7556}") = "AxisCapacity.Data", "AxisCapacity.Data\AxisCapacity.Data.csproj", "{6DE8A6F6-A2B3-44C1-BB1A-E7CCADC917E6}"
EndProject
Project("{9A19103F-16F7-4668-BE54-9A1E7A4F7556}") = "AxisCapacity.Common", "AxisCapacity.Common\AxisCapacity.Common.csproj", "{F89C15D5-1FF9-4176-9F37-2559AE214859}"
EndProject
Project("{9A19103F-16F7-4668-BE54-9A1E7A4F7556}") = "AxisCapacity.Engine", "AxisCapacity.Engine\AxisCapacity.Engine.csproj", "{6FF4428A-8CAC-4B8F-AFDC-1A073946F58D}"
EndProject
Global
	GlobalSection(SolutionConfigurationPlatforms) = preSolution
		Debug|Any CPU = Debug|Any CPU
		Release|Any CPU = Release|Any CPU
	EndGlobalSection
	GlobalSection(ProjectConfigurationPlatforms) = postSolution
		{1F77EEDF-9AB7-4276-B217-91EE84FDFDDE}.Debug|Any CPU.ActiveCfg = Debug|Any CPU
		{1F77EEDF-9AB7-4276-B217-91EE84FDFDDE}.Debug|Any CPU.Build.0 = Debug|Any CPU
		{1F77EEDF-9AB7-4276-B217-91EE84FDFDDE}.Release|Any CPU.ActiveCfg = Release|Any CPU
		{1F77EEDF-9AB7-4276-B217-91EE84FDFDDE}.Release|Any CPU.Build.0 = Release|Any CPU
		{6DE8A6F6-A2B3-44C1-BB1A-E7CCADC917E6}.Debug|Any CPU.ActiveCfg = Debug|Any CPU
		{6DE8A6F6-A2B3-44C1-BB1A-E7CCADC917E6}.Debug|Any CPU.Build.0 = Debug|Any CPU
		{6DE8A6F6-A2B3-44C1-BB1A-E7CCADC917E6}.Release|Any CPU.ActiveCfg = Release|Any CPU
		{6DE8A6F6-A2B3-44C1-BB1A-E7CCADC917E6}.Release|Any CPU.Build.0 = Release|Any CPU
		{F89C15D5-1FF9-4176-9F37-2559AE214859}.Debug|Any CPU.ActiveCfg = Debug|Any CPU
		{F89C15D5-1FF9-4176-9F37-2559AE214859}.Debug|Any CPU.Build.0 = Debug|Any CPU
		{F89C15D5-1FF9-4176-9F37-2559AE214859}.Release|Any CPU.ActiveCfg = Release|Any CPU
		{F89C15D5-1FF9-4176-9F37-2559AE214859}.Release|Any CPU.Build.0 = Release|Any CPU
		{6FF4428A-8CAC-4B8F-AFDC-1A073946F58D}.Debug|Any CPU.ActiveCfg = Debug|Any CPU
		{6FF4428A-8CAC-4B8F-AFDC-1A073946F58D}.Debug|Any CPU.Build.0 = Debug|Any CPU
		{6FF4428A-8CAC-4B8F-AFDC-1A073946F58D}.Release|Any CPU.ActiveCfg = Release|Any CPU
		{6FF4428A-8CAC-4B8F-AFDC-1A073946F58D}.Release|Any CPU.Build.0 = Release|Any CPU
	EndGlobalSection
	GlobalSection(SolutionProperties) = preSolution
		HideSolutionNode = FALSE
	EndGlobalSection
	GlobalSection(ExtensibilityGlobals) = postSolution
		SolutionGuid = {993F23A9-B748-4C02-9760-0F49FC0C47FF}
	EndGlobalSection
EndGlobal
